# THIS IS AN AUTOGENERATED FILE. DO NOT EDIT THIS FILE DIRECTLY.
# yarn lockfile v1


"@babel/runtime@^7.13.10":
  version "7.14.8"
  resolved "https://registry.yarnpkg.com/@babel/runtime/-/runtime-7.14.8.tgz#7119a56f421018852694290b9f9148097391b446"
  integrity sha512-twj3L8Og5SaCRCErB4x4ajbvBIVV77CGeFglHpeg5WC5FF8TZzBWXtTJ4MqaD9QszLYTtr+IsaAL2rEUevb+eg==
  dependencies:
    regenerator-runtime "^0.13.4"

grapesjs-custom-code@^0.1.3:
  version "0.1.3"
  resolved "https://registry.yarnpkg.com/grapesjs-custom-code/-/grapesjs-custom-code-0.1.3.tgz#b482b42fcb058f2856caab9997b0634c9e3fe6db"
  integrity sha512-K/DF6JysaO6gY5rxaIEYrBy1z4DOlfC8gGQq2vodaXv4iFHLq+S9YEXAct8VhYdKMlqm1CrMsFx83Tuz8AyWfQ==

grapesjs-plugin-ckeditor@^0.0.10:
  version "0.0.10"
  resolved "https://registry.yarnpkg.com/grapesjs-plugin-ckeditor/-/grapesjs-plugin-ckeditor-0.0.10.tgz#9ce8b32cfd175ea040f8ea324910ce91d08759a2"
  integrity sha512-WWKure+ptpssV6rFJZ006diL87IeU38cm1pMA4SI5C2i8DoTHui0IM7J5NG5Vit7/PMqDcn9/hHLJwt1IRsqDg==

lodash@^4.17.21:
  version "4.17.21"
  resolved "https://registry.yarnpkg.com/lodash/-/lodash-4.17.21.tgz#679591c564c3bffaae8454cf0b3df370c3d6911c"
  integrity sha512-v2kDEe57lecTulaDIuNTPy3Ry4gLGJ6Z1O3vE1krgXZNrsQ+LFTGHVxVjcXPs17LhbZVGedAJv8XZ1tvj5FvSg==

popper.js@^1.16.1:
  version "1.16.1"
  resolved "https://registry.yarnpkg.com/popper.js/-/popper.js-1.16.1.tgz#2a223cb3dc7b6213d740e40372be40de43e65b1b"
  integrity sha512-Wb4p1J4zyFTbM+u6WuO4XstYx4Ky9Cewe4DWrel7B0w6VVICvPwdOpotjzcf6eD8TsckVnIMNONQyPIUFOUbCQ==

regenerator-runtime@^0.13.4:
  version "0.13.9"
  resolved "https://registry.yarnpkg.com/regenerator-runtime/-/regenerator-runtime-0.13.9.tgz#8925742a98ffd90814988d7566ad30ca3b263b52"
  integrity sha512-p3VT+cOEgxFsRRA9X4lkI1E+k2/CtnKtU4gcxyaCUreilL/vqI6CdZ3wxVUx3UOUg+gnUOQQcRI7BmSI656MYA==

v-tooltip@^2.1.3:
  version "2.1.3"
  resolved "https://registry.yarnpkg.com/v-tooltip/-/v-tooltip-2.1.3.tgz#281c2015d1e73787f13c8956aa295b8c3a73f261"
  integrity sha512-xXngyxLQTOx/yUEy50thb8te7Qo4XU6h4LZB6cvEfVd9mnysUxLEoYwGWDdqR+l69liKsy3IPkdYff3J1gAJ5w==
  dependencies:
    "@babel/runtime" "^7.13.10"
    lodash "^4.17.21"
    popper.js "^1.16.1"
    vue-resize "^1.0.1"

vue-resize@^1.0.1:
  version "1.0.1"
  resolved "https://registry.yarnpkg.com/vue-resize/-/vue-resize-1.0.1.tgz#c120bed4e09938771d622614f57dbcf58a5147ee"
  integrity sha512-z5M7lJs0QluJnaoMFTIeGx6dIkYxOwHThlZDeQnWZBizKblb99GSejPnK37ZbNE/rVwDcYcHY+Io+AxdpY952w==
  dependencies:
    "@babel/runtime" "^7.13.10"

vuex@^3.6.2:
  version "3.6.2"
  resolved "https://registry.npmjs.org/vuex/-/vuex-3.6.2.tgz"
  integrity sha512-ETW44IqCgBpVomy520DT5jf8n0zoCac+sxWnn+hMe/CzaSejb/eVw2YToiXYX+Ex/AuHHia28vWTq4goAexFbw==
